
Microsoft Visual Studio Solution File, Format Version 12.00
# Visual Studio Version 17
VisualStudioVersion = 17.5.002.0
MinimumVisualStudioVersion = 10.0.40219.1
Project("{2150E333-8FDC-42A3-9474-1A3956D46DE8}") = "01-getting-started", "01-getting-started", "{78717620-9D9F-4276-B63E-1A1B556CDFE7}"
EndProject
Project("{2150E333-8FDC-42A3-9474-1A3956D46DE8}") = "C-Sharp", "C-Sharp", "{FE7F6017-C183-4A21-B417-046EC375464B}"
EndProject
Project("{9A19103F-16F7-4668-BE54-9A1E7A4F7556}") = "rest_client", "01-getting-started\C-Sharp\rest-client\rest_client.csproj", "{FC9E3FCB-2D37-4CFD-ADE4-1D8E525F268D}"
EndProject
Project("{9A19103F-16F7-4668-BE54-9A1E7A4F7556}") = "sdk-client", "01-getting-started\C-Sharp\sdk-client\sdk-client.csproj", "{1EDFC7E6-D3FA-45B8-95DB-FF2CA2B26BEB}"
EndProject
Project("{2150E333-8FDC-42A3-9474-1A3956D46DE8}") = "02-cognitive-security", "02-cognitive-security", "{3B08325D-0AF7-49DB-9494-2AC81EC16A97}"
EndProject
Project("{2150E333-8FDC-42A3-9474-1A3956D46DE8}") = "C-Sharp", "C-Sharp", "{8D6E211D-5717-4BCE-9173-DAA3A1665EB0}"
EndProject
Project("{9A19103F-16F7-4668-BE54-9A1E7A4F7556}") = "keyvault_client", "02-cognitive-security\C-Sharp\keyvault_client\keyvault_client.csproj", "{F3696F41-D34B-4E4A-A2A7-A0EE97845B41}"
EndProject
Project("{2150E333-8FDC-42A3-9474-1A3956D46DE8}") = "05-analyze-text", "05-analyze-text", "{622278E4-EFCE-40B0-B893-B19027668C22}"
EndProject
Project("{2150E333-8FDC-42A3-9474-1A3956D46DE8}") = "C-Sharp", "C-Sharp", "{D4275AFD-4BB3-424A-91E1-16C31E8F80C1}"
EndProject
Project("{9A19103F-16F7-4668-BE54-9A1E7A4F7556}") = "text-analysis", "05-analyze-text\C-Sharp\text-analysis\text-analysis.csproj", "{0725BBCC-477E-4177-B854-21E8C8A95906}"
EndProject
Project("{2150E333-8FDC-42A3-9474-1A3956D46DE8}") = "06-translate-text", "06-translate-text", "{F83287FF-02C0-45AB-B263-98CE1DA6A618}"
EndProject
Project("{2150E333-8FDC-42A3-9474-1A3956D46DE8}") = "C-Sharp", "C-Sharp", "{320F060A-3DF6-465F-9986-7904B550E913}"
EndProject
Project("{9A19103F-16F7-4668-BE54-9A1E7A4F7556}") = "translate_text", "06-translate-text\C-Sharp\text-translation\translate_text.csproj", "{304C298D-438F-4FDB-A589-A1A59890C64F}"
EndProject
Project("{2150E333-8FDC-42A3-9474-1A3956D46DE8}") = "07-speech", "07-speech", "{911A5ED8-9EE6-4F02-8313-4B79A66EB6A5}"
EndProject
Project("{2150E333-8FDC-42A3-9474-1A3956D46DE8}") = "C-Sharp", "C-Sharp", "{409EBA0D-6001-4FFB-8C3F-C5A2BEE4A05A}"
EndProject
Project("{9A19103F-16F7-4668-BE54-9A1E7A4F7556}") = "speaking-clock", "07-speech\C-Sharp\speaking-clock\speaking-clock.csproj", "{5D0F028F-E24C-46F2-AA4D-2E33D3EDBB30}"
EndProject
Project("{2150E333-8FDC-42A3-9474-1A3956D46DE8}") = "08-speech-translation", "08-speech-translation", "{94C7D2AB-037F-46E0-8C60-642066AE74CF}"
EndProject
Project("{2150E333-8FDC-42A3-9474-1A3956D46DE8}") = "C-Sharp", "C-Sharp", "{54E8E00B-BD34-47B4-96B6-DFBC9E95E0A3}"
EndProject
Project("{9A19103F-16F7-4668-BE54-9A1E7A4F7556}") = "translator", "08-speech-translation\C-Sharp\translator\translator.csproj", "{9B013A70-0C39-41FE-9C6B-2FFB37737C25}"
EndProject
Project("{2150E333-8FDC-42A3-9474-1A3956D46DE8}") = "10-luis-client", "10-luis-client", "{8E8A9460-7223-431E-909A-E5AB5447D7B8}"
EndProject
Project("{2150E333-8FDC-42A3-9474-1A3956D46DE8}") = "C-Sharp", "C-Sharp", "{E7192FAE-F9B5-4823-8C05-17BC57E54A65}"
EndProject
Project("{9A19103F-16F7-4668-BE54-9A1E7A4F7556}") = "clock_client", "10-luis-client\C-Sharp\clock-client\clock_client.csproj", "{39EA07B3-59E3-47DD-A798-9969879C8035}"
EndProject
Project("{2150E333-8FDC-42A3-9474-1A3956D46DE8}") = "10b-clu-client-(preview)", "10b-clu-client-(preview)", "{44806F26-CA67-4590-B680-C1EE2397EDEF}"
EndProject
Project("{2150E333-8FDC-42A3-9474-1A3956D46DE8}") = "C-Sharp", "C-Sharp", "{AC8C3B58-3602-49FD-AC31-E0131306FD85}"
EndProject
Project("{9A19103F-16F7-4668-BE54-9A1E7A4F7556}") = "clock_client", "10b-clu-client-(preview)\C-Sharp\clock-client\clock_client.csproj", "{C4766A0C-DF69-4C8E-8C8F-E6F877C74AB3}"
EndProject
Project("{2150E333-8FDC-42A3-9474-1A3956D46DE8}") = "11-luis-speech", "11-luis-speech", "{5FEAE261-DCAE-4B63-8043-FFB4B6A3CC5D}"
EndProject
Project("{2150E333-8FDC-42A3-9474-1A3956D46DE8}") = "C-Sharp", "C-Sharp", "{B9B27CD1-E98B-42C4-A591-EC589FD8869B}"
EndProject
Project("{9A19103F-16F7-4668-BE54-9A1E7A4F7556}") = "speaking_clock_client", "11-luis-speech\C-Sharp\speaking-clock-client\speaking_clock_client.csproj", "{5FADD7AA-4A01-4DFF-A296-ECE2CA518CAB}"
EndProject
Project("{2150E333-8FDC-42A3-9474-1A3956D46DE8}") = "15-computer-vision", "15-computer-vision", "{96DF0C9A-A571-432D-8087-39B339C633CF}"
EndProject
Project("{2150E333-8FDC-42A3-9474-1A3956D46DE8}") = "C-Sharp", "C-Sharp", "{8F6AB0BB-EE44-4E7E-9183-779F40240681}"
EndProject
Project("{9A19103F-16F7-4668-BE54-9A1E7A4F7556}") = "image-analysis", "15-computer-vision\C-Sharp\image-analysis\image-analysis.csproj", "{9D732C76-C7C3-49FF-9678-A3137E4E9EFF}"
EndProject
Project("{2150E333-8FDC-42A3-9474-1A3956D46DE8}") = "17-image-classification", "17-image-classification", "{15091856-C761-474F-9A43-C83329A50296}"
EndProject
Project("{2150E333-8FDC-42A3-9474-1A3956D46DE8}") = "C-Sharp", "C-Sharp", "{7275BDF0-BD71-4700-BFC0-AA93D26BD121}"
EndProject
Project("{9A19103F-16F7-4668-BE54-9A1E7A4F7556}") = "test-classifier", "17-image-classification\C-Sharp\test-classifier\test-classifier.csproj", "{1992C86D-0D22-4099-BB18-1C445D2177F5}"
EndProject
Project("{9A19103F-16F7-4668-BE54-9A1E7A4F7556}") = "train-classifier", "17-image-classification\C-Sharp\train-classifier\train-classifier.csproj", "{ED0C507D-AFD7-4278-83A4-FD61EBED0BE1}"
EndProject
Project("{2150E333-8FDC-42A3-9474-1A3956D46DE8}") = "18-object-detection", "18-object-detection", "{7F42BD6E-ACB0-4128-BA8B-49DA572E9B4A}"
EndProject
Project("{2150E333-8FDC-42A3-9474-1A3956D46DE8}") = "C-Sharp", "C-Sharp", "{42B2E665-712E-4F30-9037-918FF590DFBE}"
EndProject
Project("{9A19103F-16F7-4668-BE54-9A1E7A4F7556}") = "test-detector", "18-object-detection\C-Sharp\test-detector\test-detector.csproj", "{8482C204-B53F-410E-9DD0-EB9B9B5048D7}"
EndProject
Project("{9A19103F-16F7-4668-BE54-9A1E7A4F7556}") = "train-detector", "18-object-detection\C-Sharp\train-detector\train-detector.csproj", "{EEC26DEA-E6D0-4778-BFD3-3FD631728192}"
EndProject
Project("{2150E333-8FDC-42A3-9474-1A3956D46DE8}") = "19-face", "19-face", "{D9FC988D-C052-4CB6-8A3A-3039B92068E5}"
EndProject
Project("{2150E333-8FDC-42A3-9474-1A3956D46DE8}") = "C-Sharp", "C-Sharp", "{B2CDBBA6-F38A-4FF3-9D80-81E75A176322}"
EndProject
Project("{9A19103F-16F7-4668-BE54-9A1E7A4F7556}") = "detect-faces", "19-face\C-Sharp\computer-vision\detect-faces.csproj", "{73BB00F9-3BE7-4A1A-A091-86178FFD2B86}"
EndProject
Project("{9A19103F-16F7-4668-BE54-9A1E7A4F7556}") = "analyze-faces", "19-face\C-Sharp\face-api\analyze-faces.csproj", "{E907239C-6AF8-4C5D-8AD4-99578E09367B}"
EndProject
Project("{2150E333-8FDC-42A3-9474-1A3956D46DE8}") = "20-ocr", "20-ocr", "{B780220A-C72B-4BBB-BADD-ECCD98BB7C4D}"
EndProject
Project("{2150E333-8FDC-42A3-9474-1A3956D46DE8}") = "C-Sharp", "C-Sharp", "{09C555C1-15C7-4C19-8812-9878F39B85A7}"
EndProject
Project("{9A19103F-16F7-4668-BE54-9A1E7A4F7556}") = "read-text", "20-ocr\C-Sharp\read-text\read-text.csproj", "{C723EC3E-1C51-42B8-887A-AE29B37FB8EF}"
EndProject
Project("{2150E333-8FDC-42A3-9474-1A3956D46DE8}") = "21-custom-form", "21-custom-form", "{7CCC24AD-5039-4A41-AEB4-9E9C9ECF26B8}"
EndProject
Project("{2150E333-8FDC-42A3-9474-1A3956D46DE8}") = "C-Sharp", "C-Sharp", "{4094CA0C-D1A0-4825-B049-3AE0714F0EC8}"
EndProject
Project("{9A19103F-16F7-4668-BE54-9A1E7A4F7556}") = "test-model", "21-custom-form\C-Sharp\test-model\test-model.csproj", "{15A0CB9C-E715-4E97-8938-03AB1AC83475}"
EndProject
Project("{9A19103F-16F7-4668-BE54-9A1E7A4F7556}") = "train-model", "21-custom-form\C-Sharp\train-model\train-model.csproj", "{6FBDA8DF-D4ED-4955-A4F8-9E76F867D5C3}"
EndProject
Project("{2150E333-8FDC-42A3-9474-1A3956D46DE8}") = "22-Create-a-search-solution", "22-Create-a-search-solution", "{C1E279C1-5FD6-422A-9ABD-23BD0AB21EF8}"
EndProject
Project("{2150E333-8FDC-42A3-9474-1A3956D46DE8}") = "C-Sharp", "C-Sharp", "{218E255C-20EA-431D-9419-E9E54086C5E3}"
EndProject
Project("{9A19103F-16F7-4668-BE54-9A1E7A4F7556}") = "search-client", "22-Create-a-search-solution\C-Sharp\margies-travel\search-client.csproj", "{094E1826-15BC-4111-B137-7DAEC77C7166}"
EndProject
Global
	GlobalSection(SolutionConfigurationPlatforms) = preSolution
		Debug|Any CPU = Debug|Any CPU
		Release|Any CPU = Release|Any CPU
	EndGlobalSection
	GlobalSection(ProjectConfigurationPlatforms) = postSolution
		{FC9E3FCB-2D37-4CFD-ADE4-1D8E525F268D}.Debug|Any CPU.ActiveCfg = Debug|Any CPU
		{FC9E3FCB-2D37-4CFD-ADE4-1D8E525F268D}.Debug|Any CPU.Build.0 = Debug|Any CPU
		{FC9E3FCB-2D37-4CFD-ADE4-1D8E525F268D}.Release|Any CPU.ActiveCfg = Release|Any CPU
		{FC9E3FCB-2D37-4CFD-ADE4-1D8E525F268D}.Release|Any CPU.Build.0 = Release|Any CPU
		{1EDFC7E6-D3FA-45B8-95DB-FF2CA2B26BEB}.Debug|Any CPU.ActiveCfg = Debug|Any CPU
		{1EDFC7E6-D3FA-45B8-95DB-FF2CA2B26BEB}.Debug|Any CPU.Build.0 = Debug|Any CPU
		{1EDFC7E6-D3FA-45B8-95DB-FF2CA2B26BEB}.Release|Any CPU.ActiveCfg = Release|Any CPU
		{1EDFC7E6-D3FA-45B8-95DB-FF2CA2B26BEB}.Release|Any CPU.Build.0 = Release|Any CPU
		{F3696F41-D34B-4E4A-A2A7-A0EE97845B41}.Debug|Any CPU.ActiveCfg = Debug|Any CPU
		{F3696F41-D34B-4E4A-A2A7-A0EE97845B41}.Debug|Any CPU.Build.0 = Debug|Any CPU
		{F3696F41-D34B-4E4A-A2A7-A0EE97845B41}.Release|Any CPU.ActiveCfg = Release|Any CPU
		{F3696F41-D34B-4E4A-A2A7-A0EE97845B41}.Release|Any CPU.Build.0 = Release|Any CPU
		{0725BBCC-477E-4177-B854-21E8C8A95906}.Debug|Any CPU.ActiveCfg = Debug|Any CPU
		{0725BBCC-477E-4177-B854-21E8C8A95906}.Debug|Any CPU.Build.0 = Debug|Any CPU
		{0725BBCC-477E-4177-B854-21E8C8A95906}.Release|Any CPU.ActiveCfg = Release|Any CPU
		{0725BBCC-477E-4177-B854-21E8C8A95906}.Release|Any CPU.Build.0 = Release|Any CPU
		{304C298D-438F-4FDB-A589-A1A59890C64F}.Debug|Any CPU.ActiveCfg = Debug|Any CPU
		{304C298D-438F-4FDB-A589-A1A59890C64F}.Debug|Any CPU.Build.0 = Debug|Any CPU
		{304C298D-438F-4FDB-A589-A1A59890C64F}.Release|Any CPU.ActiveCfg = Release|Any CPU
		{304C298D-438F-4FDB-A589-A1A59890C64F}.Release|Any CPU.Build.0 = Release|Any CPU
		{5D0F028F-E24C-46F2-AA4D-2E33D3EDBB30}.Debug|Any CPU.ActiveCfg = Debug|Any CPU
		{5D0F028F-E24C-46F2-AA4D-2E33D3EDBB30}.Debug|Any CPU.Build.0 = Debug|Any CPU
		{5D0F028F-E24C-46F2-AA4D-2E33D3EDBB30}.Release|Any CPU.ActiveCfg = Release|Any CPU
		{5D0F028F-E24C-46F2-AA4D-2E33D3EDBB30}.Release|Any CPU.Build.0 = Release|Any CPU
		{9B013A70-0C39-41FE-9C6B-2FFB37737C25}.Debug|Any CPU.ActiveCfg = Debug|Any CPU
		{9B013A70-0C39-41FE-9C6B-2FFB37737C25}.Debug|Any CPU.Build.0 = Debug|Any CPU
		{9B013A70-0C39-41FE-9C6B-2FFB37737C25}.Release|Any CPU.ActiveCfg = Release|Any CPU
		{9B013A70-0C39-41FE-9C6B-2FFB37737C25}.Release|Any CPU.Build.0 = Release|Any CPU
		{39EA07B3-59E3-47DD-A798-9969879C8035}.Debug|Any CPU.ActiveCfg = Debug|Any CPU
		{39EA07B3-59E3-47DD-A798-9969879C8035}.Debug|Any CPU.Build.0 = Debug|Any CPU
		{39EA07B3-59E3-47DD-A798-9969879C8035}.Release|Any CPU.ActiveCfg = Release|Any CPU
		{39EA07B3-59E3-47DD-A798-9969879C8035}.Release|Any CPU.Build.0 = Release|Any CPU
		{C4766A0C-DF69-4C8E-8C8F-E6F877C74AB3}.Debug|Any CPU.ActiveCfg = Debug|Any CPU
		{C4766A0C-DF69-4C8E-8C8F-E6F877C74AB3}.Debug|Any CPU.Build.0 = Debug|Any CPU
		{C4766A0C-DF69-4C8E-8C8F-E6F877C74AB3}.Release|Any CPU.ActiveCfg = Release|Any CPU
		{C4766A0C-DF69-4C8E-8C8F-E6F877C74AB3}.Release|Any CPU.Build.0 = Release|Any CPU
		{5FADD7AA-4A01-4DFF-A296-ECE2CA518CAB}.Debug|Any CPU.ActiveCfg = Debug|Any CPU
		{5FADD7AA-4A01-4DFF-A296-ECE2CA518CAB}.Debug|Any CPU.Build.0 = Debug|Any CPU
		{5FADD7AA-4A01-4DFF-A296-ECE2CA518CAB}.Release|Any CPU.ActiveCfg = Release|Any CPU
		{5FADD7AA-4A01-4DFF-A296-ECE2CA518CAB}.Release|Any CPU.Build.0 = Release|Any CPU
		{9D732C76-C7C3-49FF-9678-A3137E4E9EFF}.Debug|Any CPU.ActiveCfg = Debug|Any CPU
		{9D732C76-C7C3-49FF-9678-A3137E4E9EFF}.Debug|Any CPU.Build.0 = Debug|Any CPU
		{9D732C76-C7C3-49FF-9678-A3137E4E9EFF}.Release|Any CPU.ActiveCfg = Release|Any CPU
		{9D732C76-C7C3-49FF-9678-A3137E4E9EFF}.Release|Any CPU.Build.0 = Release|Any CPU
		{1992C86D-0D22-4099-BB18-1C445D2177F5}.Debug|Any CPU.ActiveCfg = Debug|Any CPU
		{1992C86D-0D22-4099-BB18-1C445D2177F5}.Debug|Any CPU.Build.0 = Debug|Any CPU
		{1992C86D-0D22-4099-BB18-1C445D2177F5}.Release|Any CPU.ActiveCfg = Release|Any CPU
		{1992C86D-0D22-4099-BB18-1C445D2177F5}.Release|Any CPU.Build.0 = Release|Any CPU
		{ED0C507D-AFD7-4278-83A4-FD61EBED0BE1}.Debug|Any CPU.ActiveCfg = Debug|Any CPU
		{ED0C507D-AFD7-4278-83A4-FD61EBED0BE1}.Debug|Any CPU.Build.0 = Debug|Any CPU
		{ED0C507D-AFD7-4278-83A4-FD61EBED0BE1}.Release|Any CPU.ActiveCfg = Release|Any CPU
		{ED0C507D-AFD7-4278-83A4-FD61EBED0BE1}.Release|Any CPU.Build.0 = Release|Any CPU
		{8482C204-B53F-410E-9DD0-EB9B9B5048D7}.Debug|Any CPU.ActiveCfg = Debug|Any CPU
		{8482C204-B53F-410E-9DD0-EB9B9B5048D7}.Debug|Any CPU.Build.0 = Debug|Any CPU
		{8482C204-B53F-410E-9DD0-EB9B9B5048D7}.Release|Any CPU.ActiveCfg = Release|Any CPU
		{8482C204-B53F-410E-9DD0-EB9B9B5048D7}.Release|Any CPU.Build.0 = Release|Any CPU
		{EEC26DEA-E6D0-4778-BFD3-3FD631728192}.Debug|Any CPU.ActiveCfg = Debug|Any CPU
		{EEC26DEA-E6D0-4778-BFD3-3FD631728192}.Debug|Any CPU.Build.0 = Debug|Any CPU
		{EEC26DEA-E6D0-4778-BFD3-3FD631728192}.Release|Any CPU.ActiveCfg = Release|Any CPU
		{EEC26DEA-E6D0-4778-BFD3-3FD631728192}.Release|Any CPU.Build.0 = Release|Any CPU
		{73BB00F9-3BE7-4A1A-A091-86178FFD2B86}.Debug|Any CPU.ActiveCfg = Debug|Any CPU
		{73BB00F9-3BE7-4A1A-A091-86178FFD2B86}.Debug|Any CPU.Build.0 = Debug|Any CPU
		{73BB00F9-3BE7-4A1A-A091-86178FFD2B86}.Release|Any CPU.ActiveCfg = Release|Any CPU
		{73BB00F9-3BE7-4A1A-A091-86178FFD2B86}.Release|Any CPU.Build.0 = Release|Any CPU
		{E907239C-6AF8-4C5D-8AD4-99578E09367B}.Debug|Any CPU.ActiveCfg = Debug|Any CPU
		{E907239C-6AF8-4C5D-8AD4-99578E09367B}.Debug|Any CPU.Build.0 = Debug|Any CPU
		{E907239C-6AF8-4C5D-8AD4-99578E09367B}.Release|Any CPU.ActiveCfg = Release|Any CPU
		{E907239C-6AF8-4C5D-8AD4-99578E09367B}.Release|Any CPU.Build.0 = Release|Any CPU
		{C723EC3E-1C51-42B8-887A-AE29B37FB8EF}.Debug|Any CPU.ActiveCfg = Debug|Any CPU
		{C723EC3E-1C51-42B8-887A-AE29B37FB8EF}.Debug|Any CPU.Build.0 = Debug|Any CPU
		{C723EC3E-1C51-42B8-887A-AE29B37FB8EF}.Release|Any CPU.ActiveCfg = Release|Any CPU
		{C723EC3E-1C51-42B8-887A-AE29B37FB8EF}.Release|Any CPU.Build.0 = Release|Any CPU
		{15A0CB9C-E715-4E97-8938-03AB1AC83475}.Debug|Any CPU.ActiveCfg = Debug|Any CPU
		{15A0CB9C-E715-4E97-8938-03AB1AC83475}.Debug|Any CPU.Build.0 = Debug|Any CPU
		{15A0CB9C-E715-4E97-8938-03AB1AC83475}.Release|Any CPU.ActiveCfg = Release|Any CPU
		{15A0CB9C-E715-4E97-8938-03AB1AC83475}.Release|Any CPU.Build.0 = Release|Any CPU
		{6FBDA8DF-D4ED-4955-A4F8-9E76F867D5C3}.Debug|Any CPU.ActiveCfg = Debug|Any CPU
		{6FBDA8DF-D4ED-4955-A4F8-9E76F867D5C3}.Debug|Any CPU.Build.0 = Debug|Any CPU
		{6FBDA8DF-D4ED-4955-A4F8-9E76F867D5C3}.Release|Any CPU.ActiveCfg = Release|Any CPU
		{6FBDA8DF-D4ED-4955-A4F8-9E76F867D5C3}.Release|Any CPU.Build.0 = Release|Any CPU
		{094E1826-15BC-4111-B137-7DAEC77C7166}.Debug|Any CPU.ActiveCfg = Debug|Any CPU
		{094E1826-15BC-4111-B137-7DAEC77C7166}.Debug|Any CPU.Build.0 = Debug|Any CPU
		{094E1826-15BC-4111-B137-7DAEC77C7166}.Release|Any CPU.ActiveCfg = Release|Any CPU
		{094E1826-15BC-4111-B137-7DAEC77C7166}.Release|Any CPU.Build.0 = Release|Any CPU
	EndGlobalSection
	GlobalSection(SolutionProperties) = preSolution
		HideSolutionNode = FALSE
	EndGlobalSection
	GlobalSection(NestedProjects) = preSolution
		{FE7F6017-C183-4A21-B417-046EC375464B} = {78717620-9D9F-4276-B63E-1A1B556CDFE7}
		{FC9E3FCB-2D37-4CFD-ADE4-1D8E525F268D} = {FE7F6017-C183-4A21-B417-046EC375464B}
		{1EDFC7E6-D3FA-45B8-95DB-FF2CA2B26BEB} = {FE7F6017-C183-4A21-B417-046EC375464B}
		{8D6E211D-5717-4BCE-9173-DAA3A1665EB0} = {3B08325D-0AF7-49DB-9494-2AC81EC16A97}
		{F3696F41-D34B-4E4A-A2A7-A0EE97845B41} = {8D6E211D-5717-4BCE-9173-DAA3A1665EB0}
		{D4275AFD-4BB3-424A-91E1-16C31E8F80C1} = {622278E4-EFCE-40B0-B893-B19027668C22}
		{0725BBCC-477E-4177-B854-21E8C8A95906} = {D4275AFD-4BB3-424A-91E1-16C31E8F80C1}
		{320F060A-3DF6-465F-9986-7904B550E913} = {F83287FF-02C0-45AB-B263-98CE1DA6A618}
		{304C298D-438F-4FDB-A589-A1A59890C64F} = {320F060A-3DF6-465F-9986-7904B550E913}
		{409EBA0D-6001-4FFB-8C3F-C5A2BEE4A05A} = {911A5ED8-9EE6-4F02-8313-4B79A66EB6A5}
		{5D0F028F-E24C-46F2-AA4D-2E33D3EDBB30} = {409EBA0D-6001-4FFB-8C3F-C5A2BEE4A05A}
		{54E8E00B-BD34-47B4-96B6-DFBC9E95E0A3} = {94C7D2AB-037F-46E0-8C60-642066AE74CF}
		{9B013A70-0C39-41FE-9C6B-2FFB37737C25} = {54E8E00B-BD34-47B4-96B6-DFBC9E95E0A3}
		{E7192FAE-F9B5-4823-8C05-17BC57E54A65} = {8E8A9460-7223-431E-909A-E5AB5447D7B8}
		{39EA07B3-59E3-47DD-A798-9969879C8035} = {E7192FAE-F9B5-4823-8C05-17BC57E54A65}
		{AC8C3B58-3602-49FD-AC31-E0131306FD85} = {44806F26-CA67-4590-B680-C1EE2397EDEF}
		{C4766A0C-DF69-4C8E-8C8F-E6F877C74AB3} = {AC8C3B58-3602-49FD-AC31-E0131306FD85}
		{B9B27CD1-E98B-42C4-A591-EC589FD8869B} = {5FEAE261-DCAE-4B63-8043-FFB4B6A3CC5D}
		{5FADD7AA-4A01-4DFF-A296-ECE2CA518CAB} = {B9B27CD1-E98B-42C4-A591-EC589FD8869B}
		{8F6AB0BB-EE44-4E7E-9183-779F40240681} = {96DF0C9A-A571-432D-8087-39B339C633CF}
		{9D732C76-C7C3-49FF-9678-A3137E4E9EFF} = {8F6AB0BB-EE44-4E7E-9183-779F40240681}
		{7275BDF0-BD71-4700-BFC0-AA93D26BD121} = {15091856-C761-474F-9A43-C83329A50296}
		{1992C86D-0D22-4099-BB18-1C445D2177F5} = {7275BDF0-BD71-4700-BFC0-AA93D26BD121}
		{ED0C507D-AFD7-4278-83A4-FD61EBED0BE1} = {7275BDF0-BD71-4700-BFC0-AA93D26BD121}
		{42B2E665-712E-4F30-9037-918FF590DFBE} = {7F42BD6E-ACB0-4128-BA8B-49DA572E9B4A}
		{8482C204-B53F-410E-9DD0-EB9B9B5048D7} = {42B2E665-712E-4F30-9037-918FF590DFBE}
		{EEC26DEA-E6D0-4778-BFD3-3FD631728192} = {42B2E665-712E-4F30-9037-918FF590DFBE}
		{B2CDBBA6-F38A-4FF3-9D80-81E75A176322} = {D9FC988D-C052-4CB6-8A3A-3039B92068E5}
		{73BB00F9-3BE7-4A1A-A091-86178FFD2B86} = {B2CDBBA6-F38A-4FF3-9D80-81E75A176322}
		{E907239C-6AF8-4C5D-8AD4-99578E09367B} = {B2CDBBA6-F38A-4FF3-9D80-81E75A176322}
		{09C555C1-15C7-4C19-8812-9878F39B85A7} = {B780220A-C72B-4BBB-BADD-ECCD98BB7C4D}
		{C723EC3E-1C51-42B8-887A-AE29B37FB8EF} = {09C555C1-15C7-4C19-8812-9878F39B85A7}
		{4094CA0C-D1A0-4825-B049-3AE0714F0EC8} = {7CCC24AD-5039-4A41-AEB4-9E9C9ECF26B8}
		{15A0CB9C-E715-4E97-8938-03AB1AC83475} = {4094CA0C-D1A0-4825-B049-3AE0714F0EC8}
		{6FBDA8DF-D4ED-4955-A4F8-9E76F867D5C3} = {4094CA0C-D1A0-4825-B049-3AE0714F0EC8}
		{218E255C-20EA-431D-9419-E9E54086C5E3} = {C1E279C1-5FD6-422A-9ABD-23BD0AB21EF8}
		{094E1826-15BC-4111-B137-7DAEC77C7166} = {218E255C-20EA-431D-9419-E9E54086C5E3}
	EndGlobalSection
	GlobalSection(ExtensibilityGlobals) = postSolution
		SolutionGuid = {D4E09BD3-0A61-421F-B907-DF4992745C2B}
	EndGlobalSection
EndGlobal
